<?xml version="1.0" encoding="utf-8"?>
<Project ToolsVersion="4.0" xmlns="http://schemas.microsoft.com/developer/msbuild/2003">
  <ItemGroup>
    <Filter Include="源文件">
      <UniqueIdentifier>{4FC737F1-C7A5-4376-A066-2A32D752A2FF}</UniqueIdentifier>
      <Extensions>cpp;c;cc;cxx;def;odl;idl;hpj;bat;asm;asmx</Extensions>
    </Filter>
    <Filter Include="头文件">
      <UniqueIdentifier>{93995380-89BD-4b04-88EB-625FBE52EBFB}</UniqueIdentifier>
      <Extensions>h;hh;hpp;hxx;hm;inl;inc;ipp;xsd</Extensions>
    </Filter>
    <Filter Include="资源文件">
      <UniqueIdentifier>{67DA6AB6-F800-4c08-8B7A-83BB121AAD01}</UniqueIdentifier>
      <Extensions>rc;ico;cur;bmp;dlg;rc2;rct;bin;rgs;gif;jpg;jpeg;jpe;resx;tiff;tif;png;wav;mfcribbon-ms</Extensions>
    </Filter>
    <Filter Include="资源文件\vShader">
      <UniqueIdentifier>{c1b7c659-1b63-45b0-9b4a-d657d58ee748}</UniqueIdentifier>
    </Filter>
    <Filter Include="资源文件\fShader">
      <UniqueIdentifier>{0ecc30cd-f810-4d7e-9626-dab1b71a36f1}</UniqueIdentifier>
    </Filter>
    <Filter Include="资源文件\libs">
      <UniqueIdentifier>{7a90e996-fa62-464b-939d-f18b8dc9f271}</UniqueIdentifier>
    </Filter>
    <Filter Include="资源文件\resource">
      <UniqueIdentifier>{b7a9e277-ca32-45dd-8d15-882f8a59c5f3}</UniqueIdentifier>
    </Filter>
    <Filter Include="资源文件\resource\texture">
      <UniqueIdentifier>{7e598af9-7c3f-4fcc-a4a0-7992e322fd01}</UniqueIdentifier>
    </Filter>
  </ItemGroup>
  <ItemGroup>
    <ClCompile Include="main.cpp">
      <Filter>源文件</Filter>
    </ClCompile>
    <ClCompile Include="glad.c">
      <Filter>资源文件\libs</Filter>
    </ClCompile>
    <ClCompile Include="TextureLoader.cpp">
      <Filter>源文件</Filter>
    </ClCompile>
    <ClCompile Include="GLObject.cpp">
      <Filter>源文件</Filter>
    </ClCompile>
    <ClCompile Include="GLSimpleRect.cpp">
      <Filter>源文件</Filter>
    </ClCompile>
    <ClCompile Include="GLSimpleTexture.cpp">
      <Filter>源文件</Filter>
    </ClCompile>
    <ClCompile Include="Camera.cpp">
      <Filter>源文件</Filter>
    </ClCompile>
    <ClCompile Include="GLSimpleCube.cpp">
      <Filter>源文件</Filter>
    </ClCompile>
    <ClCompile Include="GameScene.cpp">
      <Filter>源文件</Filter>
    </ClCompile>
    <ClCompile Include="GLSimpleLight.cpp">
      <Filter>源文件</Filter>
    </ClCompile>
    <ClCompile Include="GLSimpleMaterial.cpp">
      <Filter>源文件</Filter>
    </ClCompile>
    <ClCompile Include="GLLightObject.cpp">
      <Filter>源文件</Filter>
    </ClCompile>
  </ItemGroup>
  <ItemGroup>
    <ClInclude Include="Shader.h">
      <Filter>头文件</Filter>
    </ClInclude>
    <ClInclude Include="stb_image.h">
      <Filter>资源文件\libs</Filter>
    </ClInclude>
    <ClInclude Include="GLObject.h">
      <Filter>头文件</Filter>
    </ClInclude>
    <ClInclude Include="GLSimpleRect.h">
      <Filter>头文件</Filter>
    </ClInclude>
    <ClInclude Include="GLSimpleTexture.h">
      <Filter>头文件</Filter>
    </ClInclude>
    <ClInclude Include="TextureLoader.h">
      <Filter>头文件</Filter>
    </ClInclude>
    <ClInclude Include="Config.h">
      <Filter>头文件</Filter>
    </ClInclude>
    <ClInclude Include="Camera.h">
      <Filter>头文件</Filter>
    </ClInclude>
    <ClInclude Include="GLSimpleCube.h">
      <Filter>头文件</Filter>
    </ClInclude>
    <ClInclude Include="GameScene.h">
      <Filter>头文件</Filter>
    </ClInclude>
    <ClInclude Include="CubeVertexData.h">
      <Filter>头文件</Filter>
    </ClInclude>
    <ClInclude Include="GLSimpleLight.h">
      <Filter>头文件</Filter>
    </ClInclude>
    <ClInclude Include="GLSimpleMaterial.h">
      <Filter>头文件</Filter>
    </ClInclude>
    <ClInclude Include="GLLightObject.h">
      <Filter>头文件</Filter>
    </ClInclude>
  </ItemGroup>
  <ItemGroup>
    <None Include="shader.vs">
      <Filter>资源文件\vShader</Filter>
    </None>
    <None Include="shader.fs">
      <Filter>资源文件\fShader</Filter>
    </None>
    <None Include="simpleTex.vs">
      <Filter>资源文件\vShader</Filter>
    </None>
    <None Include="simpleTex.fs">
      <Filter>资源文件\fShader</Filter>
    </None>
    <None Include="simpleCube.vs">
      <Filter>资源文件\vShader</Filter>
    </None>
    <None Include="simpleCube.fs">
      <Filter>资源文件\fShader</Filter>
    </None>
    <None Include="simpleLight.vs">
      <Filter>资源文件\vShader</Filter>
    </None>
    <None Include="simpleLight.fs">
      <Filter>资源文件\fShader</Filter>
    </None>
    <None Include="simpleMaterial.vs">
      <Filter>资源文件\vShader</Filter>
    </None>
    <None Include="simpleMaterial.fs">
      <Filter>资源文件\fShader</Filter>
    </None>
  </ItemGroup>
  <ItemGroup>
    <Image Include="tex.jpg">
      <Filter>资源文件\resource\texture</Filter>
    </Image>
    <Image Include="tex2.jpg">
      <Filter>资源文件\resource\texture</Filter>
    </Image>
    <Image Include="tex3.jpg">
      <Filter>资源文件\resource\texture</Filter>
    </Image>
  </ItemGroup>
</Project>