<?xml version="1.0" encoding="utf-8"?>
<Project ToolsVersion="4.0" xmlns="http://schemas.microsoft.com/developer/msbuild/2003">
  <ItemGroup>
    <Filter Include="源文件">
      <UniqueIdentifier>{4FC737F1-C7A5-4376-A066-2A32D752A2FF}</UniqueIdentifier>
      <Extensions>cpp;c;cc;cxx;def;odl;idl;hpj;bat;asm;asmx</Extensions>
    </Filter>
    <Filter Include="头文件">
      <UniqueIdentifier>{93995380-89BD-4b04-88EB-625FBE52EBFB}</UniqueIdentifier>
      <Extensions>h;hh;hpp;hxx;hm;inl;inc;ipp;xsd</Extensions>
    </Filter>
    <Filter Include="资源文件">
      <UniqueIdentifier>{67DA6AB6-F800-4c08-8B7A-83BB121AAD01}</UniqueIdentifier>
      <Extensions>rc;ico;cur;bmp;dlg;rc2;rct;bin;rgs;gif;jpg;jpeg;jpe;resx;tiff;tif;png;wav;mfcribbon-ms</Extensions>
    </Filter>
    <Filter Include="资源文件\vShader">
      <UniqueIdentifier>{c1b7c659-1b63-45b0-9b4a-d657d58ee748}</UniqueIdentifier>
    </Filter>
    <Filter Include="资源文件\fShader">
      <UniqueIdentifier>{0ecc30cd-f810-4d7e-9626-dab1b71a36f1}</UniqueIdentifier>
    </Filter>
    <Filter Include="资源文件\libs">
      <UniqueIdentifier>{7a90e996-fa62-464b-939d-f18b8dc9f271}</UniqueIdentifier>
    </Filter>
    <Filter Include="资源文件\resource">
      <UniqueIdentifier>{b7a9e277-ca32-45dd-8d15-882f8a59c5f3}</UniqueIdentifier>
    </Filter>
    <Filter Include="资源文件\resource\texture">
      <UniqueIdentifier>{7e598af9-7c3f-4fcc-a4a0-7992e322fd01}</UniqueIdentifier>
    </Filter>
  </ItemGroup>
  <ItemGroup>
    <ClCompile Include="main.cpp">
      <Filter>源文件</Filter>
    </ClCompile>
    <ClCompile Include="glad.c">
      <Filter>资源文件\libs</Filter>
    </ClCompile>
    <ClCompile Include="TextureLoader.cpp">
      <Filter>源文件</Filter>
    </ClCompile>
    <ClCompile Include="GLObject.cpp">
      <Filter>源文件</Filter>
    </ClCompile>
    <ClCompile Include="GLSimpleRect.cpp">
      <Filter>源文件</Filter>
    </ClCompile>
    <ClCompile Include="GLSimpleTexture.cpp">
      <Filter>源文件</Filter>
    </ClCompile>
    <ClCompile Include="Camera.cpp">
      <Filter>源文件</Filter>
    </ClCompile>
    <ClCompile Include="GLSimpleCube.cpp">
      <Filter>源文件</Filter>
    </ClCompile>
    <ClCompile Include="GLSimpleLight.cpp">
      <Filter>源文件</Filter>
    </ClCompile>
    <ClCompile Include="GLSimpleMaterial.cpp">
      <Filter>源文件</Filter>
    </ClCompile>
    <ClCompile Include="GLLightObject.cpp">
      <Filter>源文件</Filter>
    </ClCompile>
    <ClCompile Include="GLLightMapCube.cpp">
      <Filter>源文件</Filter>
    </ClCompile>
    <ClCompile Include="GLPointLight.cpp">
      <Filter>源文件</Filter>
    </ClCompile>
    <ClCompile Include="GLDirectionLight.cpp">
      <Filter>源文件</Filter>
    </ClCompile>
    <ClCompile Include="GLSpotLight.cpp">
      <Filter>源文件</Filter>
    </ClCompile>
    <ClCompile Include="Mesh.cpp">
      <Filter>源文件</Filter>
    </ClCompile>
    <ClCompile Include="Model.cpp">
      <Filter>源文件</Filter>
    </ClCompile>
    <ClCompile Include="GLFrameCube.cpp">
      <Filter>源文件</Filter>
    </ClCompile>
    <ClCompile Include="GLCubeBorder.cpp">
      <Filter>源文件</Filter>
    </ClCompile>
    <ClCompile Include="GLAlphaTexture.cpp">
      <Filter>源文件</Filter>
    </ClCompile>
    <ClCompile Include="GLBlendingTexture.cpp">
      <Filter>源文件</Filter>
    </ClCompile>
    <ClCompile Include="OffScreenRenderer.cpp">
      <Filter>源文件</Filter>
    </ClCompile>
    <ClCompile Include="GLPostProcessingRect.cpp">
      <Filter>源文件</Filter>
    </ClCompile>
    <ClCompile Include="GLSkyBox.cpp">
      <Filter>源文件</Filter>
    </ClCompile>
    <ClCompile Include="BaseGameScene.cpp">
      <Filter>源文件</Filter>
    </ClCompile>
    <ClCompile Include="DemoGameScene.cpp">
      <Filter>源文件</Filter>
    </ClCompile>
    <ClCompile Include="Initializer.cpp">
      <Filter>源文件</Filter>
    </ClCompile>
    <ClCompile Include="GLMovingCube.cpp">
      <Filter>源文件</Filter>
    </ClCompile>
  </ItemGroup>
  <ItemGroup>
    <ClInclude Include="Shader.h">
      <Filter>头文件</Filter>
    </ClInclude>
    <ClInclude Include="stb_image.h">
      <Filter>资源文件\libs</Filter>
    </ClInclude>
    <ClInclude Include="GLObject.h">
      <Filter>头文件</Filter>
    </ClInclude>
    <ClInclude Include="GLSimpleRect.h">
      <Filter>头文件</Filter>
    </ClInclude>
    <ClInclude Include="GLSimpleTexture.h">
      <Filter>头文件</Filter>
    </ClInclude>
    <ClInclude Include="TextureLoader.h">
      <Filter>头文件</Filter>
    </ClInclude>
    <ClInclude Include="Config.h">
      <Filter>头文件</Filter>
    </ClInclude>
    <ClInclude Include="Camera.h">
      <Filter>头文件</Filter>
    </ClInclude>
    <ClInclude Include="GLSimpleCube.h">
      <Filter>头文件</Filter>
    </ClInclude>
    <ClInclude Include="CubeVertexData.h">
      <Filter>头文件</Filter>
    </ClInclude>
    <ClInclude Include="GLSimpleLight.h">
      <Filter>头文件</Filter>
    </ClInclude>
    <ClInclude Include="GLSimpleMaterial.h">
      <Filter>头文件</Filter>
    </ClInclude>
    <ClInclude Include="GLLightObject.h">
      <Filter>头文件</Filter>
    </ClInclude>
    <ClInclude Include="GLLightMapCube.h">
      <Filter>头文件</Filter>
    </ClInclude>
    <ClInclude Include="Material.h">
      <Filter>头文件</Filter>
    </ClInclude>
    <ClInclude Include="Light.h">
      <Filter>头文件</Filter>
    </ClInclude>
    <ClInclude Include="LightInfo.h">
      <Filter>头文件</Filter>
    </ClInclude>
    <ClInclude Include="GLPointLight.h">
      <Filter>头文件</Filter>
    </ClInclude>
    <ClInclude Include="GLDirectionLight.h">
      <Filter>头文件</Filter>
    </ClInclude>
    <ClInclude Include="GLSpotLight.h">
      <Filter>头文件</Filter>
    </ClInclude>
    <ClInclude Include="Mesh.h">
      <Filter>头文件</Filter>
    </ClInclude>
    <ClInclude Include="Model.h">
      <Filter>头文件</Filter>
    </ClInclude>
    <ClInclude Include="GLFrameCube.h">
      <Filter>头文件</Filter>
    </ClInclude>
    <ClInclude Include="GLCubeBorder.h">
      <Filter>头文件</Filter>
    </ClInclude>
    <ClInclude Include="VertexAttr.h">
      <Filter>头文件</Filter>
    </ClInclude>
    <ClInclude Include="Rect2DVertexData.h">
      <Filter>头文件</Filter>
    </ClInclude>
    <ClInclude Include="GLAlphaTexture.h">
      <Filter>头文件</Filter>
    </ClInclude>
    <ClInclude Include="GLBlendingTexture.h">
      <Filter>头文件</Filter>
    </ClInclude>
    <ClInclude Include="OffScreenRenderer.h">
      <Filter>头文件</Filter>
    </ClInclude>
    <ClInclude Include="GLPostProcessingRect.h">
      <Filter>头文件</Filter>
    </ClInclude>
    <ClInclude Include="GLSkyBox.h">
      <Filter>头文件</Filter>
    </ClInclude>
    <ClInclude Include="DemoGameScene.h">
      <Filter>头文件</Filter>
    </ClInclude>
    <ClInclude Include="BaseGameScene.h">
      <Filter>头文件</Filter>
    </ClInclude>
    <ClInclude Include="Initializer.h">
      <Filter>头文件</Filter>
    </ClInclude>
    <ClInclude Include="GLMovingCube.h">
      <Filter>头文件</Filter>
    </ClInclude>
  </ItemGroup>
  <ItemGroup>
    <None Include="shader.vs">
      <Filter>资源文件\vShader</Filter>
    </None>
    <None Include="shader.fs">
      <Filter>资源文件\fShader</Filter>
    </None>
    <None Include="simpleTex.vs">
      <Filter>资源文件\vShader</Filter>
    </None>
    <None Include="simpleTex.fs">
      <Filter>资源文件\fShader</Filter>
    </None>
    <None Include="simpleCube.vs">
      <Filter>资源文件\vShader</Filter>
    </None>
    <None Include="simpleCube.fs">
      <Filter>资源文件\fShader</Filter>
    </None>
    <None Include="simpleLight.vs">
      <Filter>资源文件\vShader</Filter>
    </None>
    <None Include="simpleLight.fs">
      <Filter>资源文件\fShader</Filter>
    </None>
    <None Include="simpleMaterial.vs">
      <Filter>资源文件\vShader</Filter>
    </None>
    <None Include="simpleMaterial.fs">
      <Filter>资源文件\fShader</Filter>
    </None>
    <None Include="lightMap.vs">
      <Filter>资源文件\vShader</Filter>
    </None>
    <None Include="lightMap.fs">
      <Filter>资源文件\fShader</Filter>
    </None>
    <None Include="border.vs">
      <Filter>资源文件\vShader</Filter>
    </None>
    <None Include="border.fs">
      <Filter>资源文件\fShader</Filter>
    </None>
    <None Include="alphaTexture.vs">
      <Filter>资源文件\vShader</Filter>
    </None>
    <None Include="alphaTexture.fs">
      <Filter>资源文件\fShader</Filter>
    </None>
    <None Include="blendingTexture.vs">
      <Filter>资源文件\vShader</Filter>
    </None>
    <None Include="blendingTexture.fs">
      <Filter>资源文件\fShader</Filter>
    </None>
    <None Include="inversion.fs">
      <Filter>资源文件\fShader</Filter>
    </None>
    <None Include="postProcessing.vs">
      <Filter>资源文件\vShader</Filter>
    </None>
    <None Include="grayScale.fs">
      <Filter>资源文件\fShader</Filter>
    </None>
    <None Include="sharpen.fs">
      <Filter>资源文件\fShader</Filter>
    </None>
    <None Include="blur.fs">
      <Filter>资源文件\fShader</Filter>
    </None>
    <None Include="edgeDetection.fs">
      <Filter>资源文件\fShader</Filter>
    </None>
    <None Include="skybox.vs">
      <Filter>资源文件\vShader</Filter>
    </None>
    <None Include="skybox.fs">
      <Filter>资源文件\fShader</Filter>
    </None>
    <None Include="reflection.vs">
      <Filter>资源文件\vShader</Filter>
    </None>
    <None Include="reflection.fs">
      <Filter>资源文件\fShader</Filter>
    </None>
    <None Include="refraction.vs">
      <Filter>资源文件\vShader</Filter>
    </None>
    <None Include="refraction.fs">
      <Filter>资源文件\fShader</Filter>
    </None>
    <None Include="Resource\Shader\VShader\alphaTexture.vs">
      <Filter>资源文件\vShader</Filter>
    </None>
    <None Include="Resource\Shader\VShader\blendingTexture.vs">
      <Filter>资源文件\vShader</Filter>
    </None>
    <None Include="Resource\Shader\VShader\border.vs">
      <Filter>资源文件\vShader</Filter>
    </None>
    <None Include="Resource\Shader\VShader\lightMap.vs">
      <Filter>资源文件\vShader</Filter>
    </None>
    <None Include="Resource\Shader\VShader\postProcessing.vs">
      <Filter>资源文件\vShader</Filter>
    </None>
    <None Include="Resource\Shader\VShader\reflection.vs">
      <Filter>资源文件\vShader</Filter>
    </None>
    <None Include="Resource\Shader\VShader\refraction.vs">
      <Filter>资源文件\vShader</Filter>
    </None>
    <None Include="Resource\Shader\VShader\shader.vs">
      <Filter>资源文件\vShader</Filter>
    </None>
    <None Include="Resource\Shader\VShader\simpleCube.vs">
      <Filter>资源文件\vShader</Filter>
    </None>
    <None Include="Resource\Shader\VShader\simpleLight.vs">
      <Filter>资源文件\vShader</Filter>
    </None>
    <None Include="Resource\Shader\VShader\simpleMaterial.vs">
      <Filter>资源文件\vShader</Filter>
    </None>
    <None Include="Resource\Shader\VShader\simpleTex.vs">
      <Filter>资源文件\vShader</Filter>
    </None>
    <None Include="Resource\Shader\VShader\skybox.vs">
      <Filter>资源文件\vShader</Filter>
    </None>
    <None Include="Resource\Shader\FShader\alphaTexture.fs">
      <Filter>资源文件\fShader</Filter>
    </None>
    <None Include="Resource\Shader\FShader\blendingTexture.fs">
      <Filter>资源文件\fShader</Filter>
    </None>
    <None Include="Resource\Shader\FShader\blur.fs">
      <Filter>资源文件\fShader</Filter>
    </None>
    <None Include="Resource\Shader\FShader\border.fs">
      <Filter>资源文件\fShader</Filter>
    </None>
    <None Include="Resource\Shader\FShader\edgeDetection.fs">
      <Filter>资源文件\fShader</Filter>
    </None>
    <None Include="Resource\Shader\FShader\grayScale.fs">
      <Filter>资源文件\fShader</Filter>
    </None>
    <None Include="Resource\Shader\FShader\inversion.fs">
      <Filter>资源文件\fShader</Filter>
    </None>
    <None Include="Resource\Shader\FShader\lightMap.fs">
      <Filter>资源文件\fShader</Filter>
    </None>
    <None Include="Resource\Shader\FShader\reflection.fs">
      <Filter>资源文件\fShader</Filter>
    </None>
    <None Include="Resource\Shader\FShader\refraction.fs">
      <Filter>资源文件\fShader</Filter>
    </None>
    <None Include="Resource\Shader\FShader\shader.fs">
      <Filter>资源文件\fShader</Filter>
    </None>
    <None Include="Resource\Shader\FShader\sharpen.fs">
      <Filter>资源文件\fShader</Filter>
    </None>
    <None Include="Resource\Shader\FShader\simpleCube.fs">
      <Filter>资源文件\fShader</Filter>
    </None>
    <None Include="Resource\Shader\FShader\simpleLight.fs">
      <Filter>资源文件\fShader</Filter>
    </None>
    <None Include="Resource\Shader\FShader\simpleMaterial.fs">
      <Filter>资源文件\fShader</Filter>
    </None>
    <None Include="Resource\Shader\FShader\simpleTex.fs">
      <Filter>资源文件\fShader</Filter>
    </None>
    <None Include="Resource\Shader\FShader\skybox.fs">
      <Filter>资源文件\fShader</Filter>
    </None>
  </ItemGroup>
  <ItemGroup>
    <Image Include="tex.jpg">
      <Filter>资源文件\resource\texture</Filter>
    </Image>
    <Image Include="tex2.jpg">
      <Filter>资源文件\resource\texture</Filter>
    </Image>
    <Image Include="tex3.jpg">
      <Filter>资源文件\resource\texture</Filter>
    </Image>
    <Image Include="boxDiffuse.jpg">
      <Filter>资源文件\resource\texture</Filter>
    </Image>
    <Image Include="boxSpecular.jpg">
      <Filter>资源文件\resource\texture</Filter>
    </Image>
  </ItemGroup>
</Project>